
Microsoft Visual Studio Solution File, Format Version 12.00
# Visual Studio Version 17
VisualStudioVersion = 17.0.31903.59
MinimumVisualStudioVersion = 10.0.40219.1
Project("{2150E333-8FDC-42A3-9474-1A3956D46DE8}") = "src", "src", "{3F2F3B68-1660-466F-98B3-E3CB36B1742C}"
EndProject
Project("{FAE04EC0-301F-11D3-BF4B-00C04F79EFBC}") = "EntityFrameworkCore.PolymorphicRelationships", "src\EntityFrameworkCore.PolymorphicRelationships\EntityFrameworkCore.PolymorphicRelationships.csproj", "{2340781D-E707-4885-A0B5-65295A36F04C}"
EndProject
Project("{2150E333-8FDC-42A3-9474-1A3956D46DE8}") = "tests", "tests", "{B4B8CA46-A3B9-4C2E-B0CB-D5316ED0ACBA}"
EndProject
Project("{FAE04EC0-301F-11D3-BF4B-00C04F79EFBC}") = "EntityFrameworkCore.PolymorphicRelationships.Tests", "tests\EntityFrameworkCore.PolymorphicRelationships.Tests\EntityFrameworkCore.PolymorphicRelationships.Tests.csproj", "{0115BDBD-091A-4175-9AC4-565CAAD2CDAA}"
EndProject
Global
	GlobalSection(SolutionConfigurationPlatforms) = preSolution
		Debug|Any CPU = Debug|Any CPU
		Release|Any CPU = Release|Any CPU
	EndGlobalSection
	GlobalSection(SolutionProperties) = preSolution
		HideSolutionNode = FALSE
	EndGlobalSection
	GlobalSection(ProjectConfigurationPlatforms) = postSolution
		{2340781D-E707-4885-A0B5-65295A36F04C}.Debug|Any CPU.ActiveCfg = Debug|Any CPU
		{2340781D-E707-4885-A0B5-65295A36F04C}.Debug|Any CPU.Build.0 = Debug|Any CPU
		{2340781D-E707-4885-A0B5-65295A36F04C}.Release|Any CPU.ActiveCfg = Release|Any CPU
		{2340781D-E707-4885-A0B5-65295A36F04C}.Release|Any CPU.Build.0 = Release|Any CPU
		{0115BDBD-091A-4175-9AC4-565CAAD2CDAA}.Debug|Any CPU.ActiveCfg = Debug|Any CPU
		{0115BDBD-091A-4175-9AC4-565CAAD2CDAA}.Debug|Any CPU.Build.0 = Debug|Any CPU
		{0115BDBD-091A-4175-9AC4-565CAAD2CDAA}.Release|Any CPU.ActiveCfg = Release|Any CPU
		{0115BDBD-091A-4175-9AC4-565CAAD2CDAA}.Release|Any CPU.Build.0 = Release|Any CPU
	EndGlobalSection
	GlobalSection(NestedProjects) = preSolution
		{2340781D-E707-4885-A0B5-65295A36F04C} = {3F2F3B68-1660-466F-98B3-E3CB36B1742C}
		{0115BDBD-091A-4175-9AC4-565CAAD2CDAA} = {B4B8CA46-A3B9-4C2E-B0CB-D5316ED0ACBA}
	EndGlobalSection
EndGlobal


